{
  "name": "React_AWEB_Project",
  "lockfileVersion": 3,
  "requires": true,
  "packages": {
    "": {
      "dependencies": {
        "create-vite": "^6.5.0",
        "graphql": "^16.11.0"
      }
    },
    "node_modules/create-vite": {
      "version": "6.5.0",
      "resolved": "https://registry.npmjs.org/create-vite/-/create-vite-6.5.0.tgz",
      "integrity": "sha512-2GsVyyXPMsXeIHR9m61ANZ0YJkUojUbgACdzIAlYoKgw/b5M5GJAfzuBD56uJ4q82NxrAekt0k4OTtH1s+rfcQ==",
      "license": "MIT",
      "bin": {
        "create-vite": "index.js",
        "cva": "index.js"
      },
      "engines": {
        "node": "^18.0.0 || ^20.0.0 || >=22.0.0"
      },
      "funding": {
        "url": "https://github.com/vitejs/vite?sponsor=1"
      }
    },
    "node_modules/graphql": {
      "version": "16.11.0",
      "resolved": "https://registry.npmjs.org/graphql/-/graphql-16.11.0.tgz",
      "integrity": "sha512-mS1lbMsxgQj6hge1XZ6p7GPhbrtFwUFYi3wRzXAC/FmYnyXMTvvI3td3rjmQ2u8ewXueaSvRPWaEcgVVOT9Jnw==",
      "license": "MIT",
      "engines": {
        "node": "^12.22.0 || ^14.16.0 || ^16.0.0 || >=17.0.0"
      }
    }
  }
}
